// !$*UTF8*$!
{
	archiveVersion = 1;
	classes = {
	};
	objectVersion = 56;
	objects = {

/* Begin PBXBuildFile section */
		CAI00001 /* CaiApp.swift in Sources */ = {isa = PBXBuildFile; fileRef = CAI00002 /* CaiApp.swift */; };
		CAI00003 /* AppDelegate.swift in Sources */ = {isa = PBXBuildFile; fileRef = CAI00004 /* AppDelegate.swift */; };
		CAI00007 /* Assets.xcassets in Resources */ = {isa = PBXBuildFile; fileRef = CAI00008 /* Assets.xcassets */; };
		CAI00026 /* HotKey in Frameworks */ = {isa = PBXBuildFile; productRef = CAI00027 /* HotKey */; };
		CAI00035 /* PermissionsManager.swift in Sources */ = {isa = PBXBuildFile; fileRef = CAI00036 /* PermissionsManager.swift */; };
		CAI00037 /* HotKeyManager.swift in Sources */ = {isa = PBXBuildFile; fileRef = CAI00038 /* HotKeyManager.swift */; };
		CAI00039 /* ClipboardService.swift in Sources */ = {isa = PBXBuildFile; fileRef = CAI00040 /* ClipboardService.swift */; };
		CAI00042 /* ContentDetector.swift in Sources */ = {isa = PBXBuildFile; fileRef = CAI00043 /* ContentDetector.swift */; };
		CAI00050 /* ContentDetectorTests.swift in Sources */ = {isa = PBXBuildFile; fileRef = CAI00051 /* ContentDetectorTests.swift */; };
		CAI00062 /* ActionItem.swift in Sources */ = {isa = PBXBuildFile; fileRef = CAI00063 /* ActionItem.swift */; };
		CAI00064 /* VisualEffectBackground.swift in Sources */ = {isa = PBXBuildFile; fileRef = CAI00065 /* VisualEffectBackground.swift */; };
		CAI00066 /* CaiColors.swift in Sources */ = {isa = PBXBuildFile; fileRef = CAI00067 /* CaiColors.swift */; };
		CAI00068 /* ActionRow.swift in Sources */ = {isa = PBXBuildFile; fileRef = CAI00069 /* ActionRow.swift */; };
		CAI00070 /* ActionListWindow.swift in Sources */ = {isa = PBXBuildFile; fileRef = CAI00071 /* ActionListWindow.swift */; };
		CAI00072 /* ResultView.swift in Sources */ = {isa = PBXBuildFile; fileRef = CAI00073 /* ResultView.swift */; };
		CAI00074 /* WindowController.swift in Sources */ = {isa = PBXBuildFile; fileRef = CAI00075 /* WindowController.swift */; };
		CAI00080 /* CaiSettings.swift in Sources */ = {isa = PBXBuildFile; fileRef = CAI00081 /* CaiSettings.swift */; };
		CAI00082 /* SettingsView.swift in Sources */ = {isa = PBXBuildFile; fileRef = CAI00083 /* SettingsView.swift */; };
		CAI00084 /* CaiLogo.swift in Sources */ = {isa = PBXBuildFile; fileRef = CAI00085 /* CaiLogo.swift */; };
		CAI00086 /* ClipboardHistory.swift in Sources */ = {isa = PBXBuildFile; fileRef = CAI00087 /* ClipboardHistory.swift */; };
		CAI00088 /* ClipboardHistoryView.swift in Sources */ = {isa = PBXBuildFile; fileRef = CAI00089 /* ClipboardHistoryView.swift */; };
		CAI00090 /* CustomPromptView.swift in Sources */ = {isa = PBXBuildFile; fileRef = CAI00091 /* CustomPromptView.swift */; };
		CAI00092 /* ToastWindow.swift in Sources */ = {isa = PBXBuildFile; fileRef = CAI00093 /* ToastWindow.swift */; };
		CAI00100 /* LLMService.swift in Sources */ = {isa = PBXBuildFile; fileRef = CAI00101 /* LLMService.swift */; };
		CAI00102 /* SystemActions.swift in Sources */ = {isa = PBXBuildFile; fileRef = CAI00103 /* SystemActions.swift */; };
		CAI00104 /* ActionGenerator.swift in Sources */ = {isa = PBXBuildFile; fileRef = CAI00105 /* ActionGenerator.swift */; };
		CAI00106 /* AboutView.swift in Sources */ = {isa = PBXBuildFile; fileRef = CAI00107 /* AboutView.swift */; };
		CAI00108 /* KeyboardHint.swift in Sources */ = {isa = PBXBuildFile; fileRef = CAI00109 /* KeyboardHint.swift */; };
		CAI00110 /* CaiNotifications.swift in Sources */ = {isa = PBXBuildFile; fileRef = CAI00111 /* CaiNotifications.swift */; };
		CAI00112 /* CaiShortcut.swift in Sources */ = {isa = PBXBuildFile; fileRef = CAI00113 /* CaiShortcut.swift */; };
		CAI00114 /* ShortcutsManagementView.swift in Sources */ = {isa = PBXBuildFile; fileRef = CAI00115 /* ShortcutsManagementView.swift */; };
		CAI00116 /* OnboardingPermissionView.swift in Sources */ = {isa = PBXBuildFile; fileRef = CAI00117 /* OnboardingPermissionView.swift */; };
		CAI00118 /* UpdateChecker.swift in Sources */ = {isa = PBXBuildFile; fileRef = CAI00119 /* UpdateChecker.swift */; };
		CAI00120 /* OutputDestination.swift in Sources */ = {isa = PBXBuildFile; fileRef = CAI00121 /* OutputDestination.swift */; };
		CAI00122 /* BuiltInDestinations.swift in Sources */ = {isa = PBXBuildFile; fileRef = CAI00123 /* BuiltInDestinations.swift */; };
		CAI00124 /* OutputDestinationService.swift in Sources */ = {isa = PBXBuildFile; fileRef = CAI00125 /* OutputDestinationService.swift */; };
		CAI00126 /* DestinationsManagementView.swift in Sources */ = {isa = PBXBuildFile; fileRef = CAI00127 /* DestinationsManagementView.swift */; };
		CAI00128 /* DestinationChip.swift in Sources */ = {isa = PBXBuildFile; fileRef = CAI00129 /* DestinationChip.swift */; };
/* End PBXBuildFile section */

/* Begin PBXContainerItemProxy section */
		CAI00052 /* PBXContainerItemProxy */ = {
			isa = PBXContainerItemProxy;
			containerPortal = CAI00020 /* Project object */;
			proxyType = 1;
			remoteGlobalIDString = CAI00016;
			remoteInfo = Cai;
		};
/* End PBXContainerItemProxy section */

/* Begin PBXFileReference section */
		CAI00002 /* CaiApp.swift */ = {isa = PBXFileReference; lastKnownFileType = sourcecode.swift; path = CaiApp.swift; sourceTree = "<group>"; };
		CAI00004 /* AppDelegate.swift */ = {isa = PBXFileReference; lastKnownFileType = sourcecode.swift; path = AppDelegate.swift; sourceTree = "<group>"; };
		CAI00008 /* Assets.xcassets */ = {isa = PBXFileReference; lastKnownFileType = folder.assetcatalog; path = Assets.xcassets; sourceTree = "<group>"; };
		CAI00009 /* Cai.app */ = {isa = PBXFileReference; explicitFileType = wrapper.application; includeInIndex = 0; path = Cai.app; sourceTree = BUILT_PRODUCTS_DIR; };
		CAI00010 /* Info.plist */ = {isa = PBXFileReference; lastKnownFileType = text.plist.xml; path = Info.plist; sourceTree = "<group>"; };
		CAI00011 /* Cai.entitlements */ = {isa = PBXFileReference; lastKnownFileType = text.plist.entitlements; path = Cai.entitlements; sourceTree = "<group>"; };
		CAI00036 /* PermissionsManager.swift */ = {isa = PBXFileReference; lastKnownFileType = sourcecode.swift; path = PermissionsManager.swift; sourceTree = "<group>"; };
		CAI00038 /* HotKeyManager.swift */ = {isa = PBXFileReference; lastKnownFileType = sourcecode.swift; path = HotKeyManager.swift; sourceTree = "<group>"; };
		CAI00040 /* ClipboardService.swift */ = {isa = PBXFileReference; lastKnownFileType = sourcecode.swift; path = ClipboardService.swift; sourceTree = "<group>"; };
		CAI00043 /* ContentDetector.swift */ = {isa = PBXFileReference; lastKnownFileType = sourcecode.swift; path = ContentDetector.swift; sourceTree = "<group>"; };
		CAI00049 /* CaiTests.xctest */ = {isa = PBXFileReference; explicitFileType = wrapper.cfbundle; includeInIndex = 0; path = CaiTests.xctest; sourceTree = BUILT_PRODUCTS_DIR; };
		CAI00051 /* ContentDetectorTests.swift */ = {isa = PBXFileReference; lastKnownFileType = sourcecode.swift; path = ContentDetectorTests.swift; sourceTree = "<group>"; };
		CAI00063 /* ActionItem.swift */ = {isa = PBXFileReference; lastKnownFileType = sourcecode.swift; path = ActionItem.swift; sourceTree = "<group>"; };
		CAI00065 /* VisualEffectBackground.swift */ = {isa = PBXFileReference; lastKnownFileType = sourcecode.swift; path = VisualEffectBackground.swift; sourceTree = "<group>"; };
		CAI00067 /* CaiColors.swift */ = {isa = PBXFileReference; lastKnownFileType = sourcecode.swift; path = CaiColors.swift; sourceTree = "<group>"; };
		CAI00069 /* ActionRow.swift */ = {isa = PBXFileReference; lastKnownFileType = sourcecode.swift; path = ActionRow.swift; sourceTree = "<group>"; };
		CAI00071 /* ActionListWindow.swift */ = {isa = PBXFileReference; lastKnownFileType = sourcecode.swift; path = ActionListWindow.swift; sourceTree = "<group>"; };
		CAI00073 /* ResultView.swift */ = {isa = PBXFileReference; lastKnownFileType = sourcecode.swift; path = ResultView.swift; sourceTree = "<group>"; };
		CAI00075 /* WindowController.swift */ = {isa = PBXFileReference; lastKnownFileType = sourcecode.swift; path = WindowController.swift; sourceTree = "<group>"; };
		CAI00081 /* CaiSettings.swift */ = {isa = PBXFileReference; lastKnownFileType = sourcecode.swift; path = CaiSettings.swift; sourceTree = "<group>"; };
		CAI00083 /* SettingsView.swift */ = {isa = PBXFileReference; lastKnownFileType = sourcecode.swift; path = SettingsView.swift; sourceTree = "<group>"; };
		CAI00085 /* CaiLogo.swift */ = {isa = PBXFileReference; lastKnownFileType = sourcecode.swift; path = CaiLogo.swift; sourceTree = "<group>"; };
		CAI00087 /* ClipboardHistory.swift */ = {isa = PBXFileReference; lastKnownFileType = sourcecode.swift; path = ClipboardHistory.swift; sourceTree = "<group>"; };
		CAI00089 /* ClipboardHistoryView.swift */ = {isa = PBXFileReference; lastKnownFileType = sourcecode.swift; path = ClipboardHistoryView.swift; sourceTree = "<group>"; };
		CAI00091 /* CustomPromptView.swift */ = {isa = PBXFileReference; lastKnownFileType = sourcecode.swift; path = CustomPromptView.swift; sourceTree = "<group>"; };
		CAI00093 /* ToastWindow.swift */ = {isa = PBXFileReference; lastKnownFileType = sourcecode.swift; path = ToastWindow.swift; sourceTree = "<group>"; };
		CAI00101 /* LLMService.swift */ = {isa = PBXFileReference; lastKnownFileType = sourcecode.swift; path = LLMService.swift; sourceTree = "<group>"; };
		CAI00103 /* SystemActions.swift */ = {isa = PBXFileReference; lastKnownFileType = sourcecode.swift; path = SystemActions.swift; sourceTree = "<group>"; };
		CAI00105 /* ActionGenerator.swift */ = {isa = PBXFileReference; lastKnownFileType = sourcecode.swift; path = ActionGenerator.swift; sourceTree = "<group>"; };
		CAI00107 /* AboutView.swift */ = {isa = PBXFileReference; lastKnownFileType = sourcecode.swift; path = AboutView.swift; sourceTree = "<group>"; };
		CAI00109 /* KeyboardHint.swift */ = {isa = PBXFileReference; lastKnownFileType = sourcecode.swift; path = KeyboardHint.swift; sourceTree = "<group>"; };
		CAI00111 /* CaiNotifications.swift */ = {isa = PBXFileReference; lastKnownFileType = sourcecode.swift; path = CaiNotifications.swift; sourceTree = "<group>"; };
		CAI00113 /* CaiShortcut.swift */ = {isa = PBXFileReference; lastKnownFileType = sourcecode.swift; path = CaiShortcut.swift; sourceTree = "<group>"; };
		CAI00115 /* ShortcutsManagementView.swift */ = {isa = PBXFileReference; lastKnownFileType = sourcecode.swift; path = ShortcutsManagementView.swift; sourceTree = "<group>"; };
		CAI00117 /* OnboardingPermissionView.swift */ = {isa = PBXFileReference; lastKnownFileType = sourcecode.swift; path = OnboardingPermissionView.swift; sourceTree = "<group>"; };
		CAI00119 /* UpdateChecker.swift */ = {isa = PBXFileReference; lastKnownFileType = sourcecode.swift; path = UpdateChecker.swift; sourceTree = "<group>"; };
		CAI00121 /* OutputDestination.swift */ = {isa = PBXFileReference; lastKnownFileType = sourcecode.swift; path = OutputDestination.swift; sourceTree = "<group>"; };
		CAI00123 /* BuiltInDestinations.swift */ = {isa = PBXFileReference; lastKnownFileType = sourcecode.swift; path = BuiltInDestinations.swift; sourceTree = "<group>"; };
		CAI00125 /* OutputDestinationService.swift */ = {isa = PBXFileReference; lastKnownFileType = sourcecode.swift; path = OutputDestinationService.swift; sourceTree = "<group>"; };
		CAI00127 /* DestinationsManagementView.swift */ = {isa = PBXFileReference; lastKnownFileType = sourcecode.swift; path = DestinationsManagementView.swift; sourceTree = "<group>"; };
		CAI00129 /* DestinationChip.swift */ = {isa = PBXFileReference; lastKnownFileType = sourcecode.swift; path = DestinationChip.swift; sourceTree = "<group>"; };
/* End PBXFileReference section */

/* Begin PBXFrameworksBuildPhase section */
		CAI00012 /* Frameworks */ = {
			isa = PBXFrameworksBuildPhase;
			buildActionMask = 2147483647;
			files = (
				CAI00026 /* HotKey in Frameworks */,
			);
			runOnlyForDeploymentPostprocessing = 0;
		};
		CAI00053 /* Frameworks */ = {
			isa = PBXFrameworksBuildPhase;
			buildActionMask = 2147483647;
			files = (
			);
			runOnlyForDeploymentPostprocessing = 0;
		};
/* End PBXFrameworksBuildPhase section */

/* Begin PBXGroup section */
		CAI00013 = {
			isa = PBXGroup;
			children = (
				CAI00014 /* Cai */,
				CAI00054 /* CaiTests */,
				CAI00015 /* Products */,
			);
			sourceTree = "<group>";
		};
		CAI00014 /* Cai */ = {
			isa = PBXGroup;
			children = (
				CAI00002 /* CaiApp.swift */,
				CAI00004 /* AppDelegate.swift */,
				CAI00111 /* CaiNotifications.swift */,
				CAI00076 /* Models */,
				CAI00077 /* Views */,
				CAI00041 /* Services */,
				CAI00008 /* Assets.xcassets */,
				CAI00010 /* Info.plist */,
				CAI00011 /* Cai.entitlements */,
			);
			path = Cai;
			sourceTree = "<group>";
		};
		CAI00076 /* Models */ = {
			isa = PBXGroup;
			children = (
				CAI00063 /* ActionItem.swift */,
				CAI00081 /* CaiSettings.swift */,
				CAI00113 /* CaiShortcut.swift */,
				CAI00121 /* OutputDestination.swift */,
				CAI00123 /* BuiltInDestinations.swift */,
			);
			path = Models;
			sourceTree = "<group>";
		};
		CAI00077 /* Views */ = {
			isa = PBXGroup;
			children = (
				CAI00067 /* CaiColors.swift */,
				CAI00065 /* VisualEffectBackground.swift */,
				CAI00069 /* ActionRow.swift */,
				CAI00071 /* ActionListWindow.swift */,
				CAI00073 /* ResultView.swift */,
				CAI00083 /* SettingsView.swift */,
				CAI00085 /* CaiLogo.swift */,
				CAI00089 /* ClipboardHistoryView.swift */,
				CAI00091 /* CustomPromptView.swift */,
				CAI00093 /* ToastWindow.swift */,
				CAI00107 /* AboutView.swift */,
				CAI00109 /* KeyboardHint.swift */,
				CAI00115 /* ShortcutsManagementView.swift */,
				CAI00117 /* OnboardingPermissionView.swift */,
				CAI00127 /* DestinationsManagementView.swift */,
				CAI00129 /* DestinationChip.swift */,
			);
			path = Views;
			sourceTree = "<group>";
		};
		CAI00041 /* Services */ = {
			isa = PBXGroup;
			children = (
				CAI00036 /* PermissionsManager.swift */,
				CAI00038 /* HotKeyManager.swift */,
				CAI00040 /* ClipboardService.swift */,
				CAI00043 /* ContentDetector.swift */,
				CAI00075 /* WindowController.swift */,
				CAI00087 /* ClipboardHistory.swift */,
				CAI00101 /* LLMService.swift */,
				CAI00103 /* SystemActions.swift */,
				CAI00105 /* ActionGenerator.swift */,
				CAI00119 /* UpdateChecker.swift */,
				CAI00125 /* OutputDestinationService.swift */,
			);
			path = Services;
			sourceTree = "<group>";
		};
		CAI00015 /* Products */ = {
			isa = PBXGroup;
			children = (
				CAI00009 /* Cai.app */,
				CAI00049 /* CaiTests.xctest */,
			);
			name = Products;
			sourceTree = "<group>";
		};
		CAI00054 /* CaiTests */ = {
			isa = PBXGroup;
			children = (
				CAI00051 /* ContentDetectorTests.swift */,
			);
			path = CaiTests;
			sourceTree = "<group>";
		};
/* End PBXGroup section */

/* Begin PBXNativeTarget section */
		CAI00016 /* Cai */ = {
			isa = PBXNativeTarget;
			buildConfigurationList = CAI00017 /* Build configuration list for PBXNativeTarget "Cai" */;
			buildPhases = (
				CAI00018 /* Sources */,
				CAI00012 /* Frameworks */,
				CAI00019 /* Resources */,
			);
			buildRules = (
			);
			dependencies = (
			);
			name = Cai;
			packageProductDependencies = (
				CAI00027 /* HotKey */,
			);
			productName = Cai;
			productReference = CAI00009 /* Cai.app */;
			productType = "com.apple.product-type.application";
		};
		CAI00048 /* CaiTests */ = {
			isa = PBXNativeTarget;
			buildConfigurationList = CAI00055 /* Build configuration list for PBXNativeTarget "CaiTests" */;
			buildPhases = (
				CAI00056 /* Sources */,
				CAI00053 /* Frameworks */,
				CAI00057 /* Resources */,
			);
			buildRules = (
			);
			dependencies = (
				CAI00058 /* PBXTargetDependency */,
			);
			name = CaiTests;
			productName = CaiTests;
			productReference = CAI00049 /* CaiTests.xctest */;
			productType = "com.apple.product-type.bundle.unit-test";
		};
/* End PBXNativeTarget section */

/* Begin PBXProject section */
		CAI00020 /* Project object */ = {
			isa = PBXProject;
			attributes = {
				BuildIndependentTargetsInParallel = 1;
				LastSwiftUpdateCheck = 1500;
				LastUpgradeCheck = 2620;
				TargetAttributes = {
					CAI00016 = {
						CreatedOnToolsVersion = 15.0;
					};
					CAI00048 = {
						CreatedOnToolsVersion = 15.0;
						TestTargetID = CAI00016;
					};
				};
			};
			buildConfigurationList = CAI00021 /* Build configuration list for PBXProject "Cai" */;
			compatibilityVersion = "Xcode 14.0";
			developmentRegion = en;
			hasScannedForEncodings = 0;
			knownRegions = (
				en,
				Base,
			);
			mainGroup = CAI00013;
			packageReferences = (
				CAI00028 /* XCRemoteSwiftPackageReference "HotKey" */,
			);
			productRefGroup = CAI00015 /* Products */;
			projectDirPath = "";
			projectRoot = "";
			targets = (
				CAI00016 /* Cai */,
				CAI00048 /* CaiTests */,
			);
		};
/* End PBXProject section */

/* Begin PBXResourcesBuildPhase section */
		CAI00019 /* Resources */ = {
			isa = PBXResourcesBuildPhase;
			buildActionMask = 2147483647;
			files = (
				CAI00007 /* Assets.xcassets in Resources */,
			);
			runOnlyForDeploymentPostprocessing = 0;
		};
		CAI00057 /* Resources */ = {
			isa = PBXResourcesBuildPhase;
			buildActionMask = 2147483647;
			files = (
			);
			runOnlyForDeploymentPostprocessing = 0;
		};
/* End PBXResourcesBuildPhase section */

/* Begin PBXSourcesBuildPhase section */
		CAI00018 /* Sources */ = {
			isa = PBXSourcesBuildPhase;
			buildActionMask = 2147483647;
			files = (
				CAI00001 /* CaiApp.swift in Sources */,
				CAI00003 /* AppDelegate.swift in Sources */,
				CAI00035 /* PermissionsManager.swift in Sources */,
				CAI00037 /* HotKeyManager.swift in Sources */,
				CAI00039 /* ClipboardService.swift in Sources */,
				CAI00042 /* ContentDetector.swift in Sources */,
				CAI00062 /* ActionItem.swift in Sources */,
				CAI00064 /* VisualEffectBackground.swift in Sources */,
				CAI00066 /* CaiColors.swift in Sources */,
				CAI00068 /* ActionRow.swift in Sources */,
				CAI00070 /* ActionListWindow.swift in Sources */,
				CAI00072 /* ResultView.swift in Sources */,
				CAI00074 /* WindowController.swift in Sources */,
				CAI00080 /* CaiSettings.swift in Sources */,
				CAI00082 /* SettingsView.swift in Sources */,
				CAI00084 /* CaiLogo.swift in Sources */,
				CAI00086 /* ClipboardHistory.swift in Sources */,
				CAI00088 /* ClipboardHistoryView.swift in Sources */,
				CAI00090 /* CustomPromptView.swift in Sources */,
				CAI00092 /* ToastWindow.swift in Sources */,
				CAI00100 /* LLMService.swift in Sources */,
				CAI00102 /* SystemActions.swift in Sources */,
				CAI00104 /* ActionGenerator.swift in Sources */,
				CAI00106 /* AboutView.swift in Sources */,
				CAI00108 /* KeyboardHint.swift in Sources */,
				CAI00110 /* CaiNotifications.swift in Sources */,
				CAI00112 /* CaiShortcut.swift in Sources */,
				CAI00114 /* ShortcutsManagementView.swift in Sources */,
				CAI00116 /* OnboardingPermissionView.swift in Sources */,
				CAI00118 /* UpdateChecker.swift in Sources */,
				CAI00120 /* OutputDestination.swift in Sources */,
				CAI00122 /* BuiltInDestinations.swift in Sources */,
				CAI00124 /* OutputDestinationService.swift in Sources */,
				CAI00126 /* DestinationsManagementView.swift in Sources */,
				CAI00128 /* DestinationChip.swift in Sources */,
			);
			runOnlyForDeploymentPostprocessing = 0;
		};
		CAI00056 /* Sources */ = {
			isa = PBXSourcesBuildPhase;
			buildActionMask = 2147483647;
			files = (
				CAI00050 /* ContentDetectorTests.swift in Sources */,
			);
			runOnlyForDeploymentPostprocessing = 0;
		};
/* End PBXSourcesBuildPhase section */

/* Begin PBXTargetDependency section */
		CAI00058 /* PBXTargetDependency */ = {
			isa = PBXTargetDependency;
			target = CAI00016 /* Cai */;
			targetProxy = CAI00052 /* PBXContainerItemProxy */;
		};
/* End PBXTargetDependency section */

/* Begin XCBuildConfiguration section */
		CAI00022 /* Debug */ = {
			isa = XCBuildConfiguration;
			buildSettings = {
				ALWAYS_SEARCH_USER_PATHS = NO;
				ASSETCATALOG_COMPILER_GENERATE_SWIFT_ASSET_SYMBOL_EXTENSIONS = YES;
				CLANG_ANALYZER_NONNULL = YES;
				CLANG_ANALYZER_NUMBER_OBJECT_CONVERSION = YES_AGGRESSIVE;
				CLANG_CXX_LANGUAGE_STANDARD = "gnu++20";
				CLANG_ENABLE_MODULES = YES;
				CLANG_ENABLE_OBJC_ARC = YES;
				CLANG_ENABLE_OBJC_WEAK = YES;
				CLANG_WARN_BLOCK_CAPTURE_AUTORELEASING = YES;
				CLANG_WARN_BOOL_CONVERSION = YES;
				CLANG_WARN_COMMA = YES;
				CLANG_WARN_CONSTANT_CONVERSION = YES;
				CLANG_WARN_DEPRECATED_OBJC_IMPLEMENTATIONS = YES;
				CLANG_WARN_DIRECT_OBJC_ISA_USAGE = YES_ERROR;
				CLANG_WARN_DOCUMENTATION_COMMENTS = YES;
				CLANG_WARN_EMPTY_BODY = YES;
				CLANG_WARN_ENUM_CONVERSION = YES;
				CLANG_WARN_INFINITE_RECURSION = YES;
				CLANG_WARN_INT_CONVERSION = YES;
				CLANG_WARN_NON_LITERAL_NULL_CONVERSION = YES;
				CLANG_WARN_OBJC_IMPLICIT_RETAIN_SELF = YES;
				CLANG_WARN_OBJC_LITERAL_CONVERSION = YES;
				CLANG_WARN_OBJC_ROOT_CLASS = YES_ERROR;
				CLANG_WARN_QUOTED_INCLUDE_IN_FRAMEWORK_HEADER = YES;
				CLANG_WARN_RANGE_LOOP_ANALYSIS = YES;
				CLANG_WARN_STRICT_PROTOTYPES = YES;
				CLANG_WARN_SUSPICIOUS_MOVE = YES;
				CLANG_WARN_UNGUARDED_AVAILABILITY = YES_AGGRESSIVE;
				CLANG_WARN_UNREACHABLE_CODE = YES;
				CLANG_WARN__DUPLICATE_METHOD_MATCH = YES;
				COPY_PHASE_STRIP = NO;
				DEAD_CODE_STRIPPING = YES;
				DEBUG_INFORMATION_FORMAT = dwarf;
				DEVELOPMENT_TEAM = T666G8244T;
				ENABLE_STRICT_OBJC_MSGSEND = YES;
				ENABLE_TESTABILITY = YES;
				ENABLE_USER_SCRIPT_SANDBOXING = YES;
				GCC_C_LANGUAGE_STANDARD = gnu17;
				GCC_DYNAMIC_NO_PIC = NO;
				GCC_NO_COMMON_BLOCKS = YES;
				GCC_OPTIMIZATION_LEVEL = 0;
				GCC_PREPROCESSOR_DEFINITIONS = (
					"DEBUG=1",
					"$(inherited)",
				);
				GCC_WARN_64_TO_32_BIT_CONVERSION = YES;
				GCC_WARN_ABOUT_RETURN_TYPE = YES_ERROR;
				GCC_WARN_UNDECLARED_SELECTOR = YES;
				GCC_WARN_UNINITIALIZED_AUTOS = YES_AGGRESSIVE;
				GCC_WARN_UNUSED_FUNCTION = YES;
				GCC_WARN_UNUSED_VARIABLE = YES;
				LOCALIZATION_PREFERS_STRING_CATALOGS = YES;
				MACOSX_DEPLOYMENT_TARGET = 13.0;
				MTL_ENABLE_DEBUG_INFO = INCLUDE_SOURCE;
				MTL_FAST_MATH = YES;
				ONLY_ACTIVE_ARCH = YES;
				SDKROOT = macosx;
				STRING_CATALOG_GENERATE_SYMBOLS = YES;
				SWIFT_ACTIVE_COMPILATION_CONDITIONS = "DEBUG $(inherited)";
				SWIFT_OPTIMIZATION_LEVEL = "-Onone";
			};
			name = Debug;
		};
		CAI00023 /* Release */ = {
			isa = XCBuildConfiguration;
			buildSettings = {
				ALWAYS_SEARCH_USER_PATHS = NO;
				ASSETCATALOG_COMPILER_GENERATE_SWIFT_ASSET_SYMBOL_EXTENSIONS = YES;
				CLANG_ANALYZER_NONNULL = YES;
				CLANG_ANALYZER_NUMBER_OBJECT_CONVERSION = YES_AGGRESSIVE;
				CLANG_CXX_LANGUAGE_STANDARD = "gnu++20";
				CLANG_ENABLE_MODULES = YES;
				CLANG_ENABLE_OBJC_ARC = YES;
				CLANG_ENABLE_OBJC_WEAK = YES;
				CLANG_WARN_BLOCK_CAPTURE_AUTORELEASING = YES;
				CLANG_WARN_BOOL_CONVERSION = YES;
				CLANG_WARN_COMMA = YES;
				CLANG_WARN_CONSTANT_CONVERSION = YES;
				CLANG_WARN_DEPRECATED_OBJC_IMPLEMENTATIONS = YES;
				CLANG_WARN_DIRECT_OBJC_ISA_USAGE = YES_ERROR;
				CLANG_WARN_DOCUMENTATION_COMMENTS = YES;
				CLANG_WARN_EMPTY_BODY = YES;
				CLANG_WARN_ENUM_CONVERSION = YES;
				CLANG_WARN_INFINITE_RECURSION = YES;
				CLANG_WARN_INT_CONVERSION = YES;
				CLANG_WARN_NON_LITERAL_NULL_CONVERSION = YES;
				CLANG_WARN_OBJC_IMPLICIT_RETAIN_SELF = YES;
				CLANG_WARN_OBJC_LITERAL_CONVERSION = YES;
				CLANG_WARN_OBJC_ROOT_CLASS = YES_ERROR;
				CLANG_WARN_QUOTED_INCLUDE_IN_FRAMEWORK_HEADER = YES;
				CLANG_WARN_RANGE_LOOP_ANALYSIS = YES;
				CLANG_WARN_STRICT_PROTOTYPES = YES;
				CLANG_WARN_SUSPICIOUS_MOVE = YES;
				CLANG_WARN_UNGUARDED_AVAILABILITY = YES_AGGRESSIVE;
				CLANG_WARN_UNREACHABLE_CODE = YES;
				CLANG_WARN__DUPLICATE_METHOD_MATCH = YES;
				COPY_PHASE_STRIP = NO;
				DEAD_CODE_STRIPPING = YES;
				DEBUG_INFORMATION_FORMAT = "dwarf-with-dsym";
				DEVELOPMENT_TEAM = T666G8244T;
				ENABLE_NS_ASSERTIONS = NO;
				ENABLE_STRICT_OBJC_MSGSEND = YES;
				ENABLE_USER_SCRIPT_SANDBOXING = YES;
				GCC_C_LANGUAGE_STANDARD = gnu17;
				GCC_NO_COMMON_BLOCKS = YES;
				GCC_WARN_64_TO_32_BIT_CONVERSION = YES;
				GCC_WARN_ABOUT_RETURN_TYPE = YES_ERROR;
				GCC_WARN_UNDECLARED_SELECTOR = YES;
				GCC_WARN_UNINITIALIZED_AUTOS = YES_AGGRESSIVE;
				GCC_WARN_UNUSED_FUNCTION = YES;
				GCC_WARN_UNUSED_VARIABLE = YES;
				LOCALIZATION_PREFERS_STRING_CATALOGS = YES;
				MACOSX_DEPLOYMENT_TARGET = 13.0;
				MTL_ENABLE_DEBUG_INFO = NO;
				MTL_FAST_MATH = YES;
				SDKROOT = macosx;
				STRING_CATALOG_GENERATE_SYMBOLS = YES;
				SWIFT_COMPILATION_MODE = wholemodule;
			};
			name = Release;
		};
		CAI00024 /* Debug */ = {
			isa = XCBuildConfiguration;
			buildSettings = {
				ASSETCATALOG_COMPILER_APPICON_NAME = AppIcon;
				ASSETCATALOG_COMPILER_GLOBAL_ACCENT_COLOR_NAME = AccentColor;
				CODE_SIGN_ENTITLEMENTS = Cai/Cai.entitlements;
				CODE_SIGN_STYLE = Automatic;
				COMBINE_HIDPI_IMAGES = YES;
				CURRENT_PROJECT_VERSION = 1;
				DEAD_CODE_STRIPPING = YES;
				ENABLE_APP_SANDBOX = NO;
				ENABLE_HARDENED_RUNTIME = YES;
				ENABLE_PREVIEWS = YES;
				GENERATE_INFOPLIST_FILE = NO;
				INFOPLIST_FILE = Cai/Info.plist;
				INFOPLIST_KEY_LSUIElement = YES;
				INFOPLIST_KEY_NSHumanReadableCopyright = "";
				LD_RUNPATH_SEARCH_PATHS = (
					"$(inherited)",
					"@executable_path/../Frameworks",
				);
				MARKETING_VERSION = 1.0;
				PRODUCT_BUNDLE_IDENTIFIER = com.soyasis.cai.dev;
				PRODUCT_NAME = "$(TARGET_NAME)";
				SWIFT_EMIT_LOC_STRINGS = YES;
				SWIFT_VERSION = 5.0;
			};
			name = Debug;
		};
		CAI00025 /* Release */ = {
			isa = XCBuildConfiguration;
			buildSettings = {
				ASSETCATALOG_COMPILER_APPICON_NAME = AppIcon;
				ASSETCATALOG_COMPILER_GLOBAL_ACCENT_COLOR_NAME = AccentColor;
				CODE_SIGN_ENTITLEMENTS = Cai/Cai.entitlements;
				CODE_SIGN_STYLE = Automatic;
				COMBINE_HIDPI_IMAGES = YES;
				CURRENT_PROJECT_VERSION = 1;
				DEAD_CODE_STRIPPING = YES;
				ENABLE_APP_SANDBOX = NO;
				ENABLE_HARDENED_RUNTIME = YES;
				ENABLE_PREVIEWS = YES;
				GENERATE_INFOPLIST_FILE = NO;
				INFOPLIST_FILE = Cai/Info.plist;
				INFOPLIST_KEY_LSUIElement = YES;
				INFOPLIST_KEY_NSHumanReadableCopyright = "";
				LD_RUNPATH_SEARCH_PATHS = (
					"$(inherited)",
					"@executable_path/../Frameworks",
				);
				MARKETING_VERSION = 1.0;
				PRODUCT_BUNDLE_IDENTIFIER = com.soyasis.cai;
				PRODUCT_NAME = "$(TARGET_NAME)";
				SWIFT_EMIT_LOC_STRINGS = YES;
				SWIFT_VERSION = 5.0;
			};
			name = Release;
		};
		CAI00059 /* Debug */ = {
			isa = XCBuildConfiguration;
			buildSettings = {
				BUNDLE_LOADER = "$(TEST_HOST)";
				CODE_SIGN_STYLE = Automatic;
				CURRENT_PROJECT_VERSION = 1;
				DEAD_CODE_STRIPPING = YES;
				DEVELOPMENT_TEAM = T666G8244T;
				GENERATE_INFOPLIST_FILE = YES;
				MARKETING_VERSION = 1.0;
				PRODUCT_BUNDLE_IDENTIFIER = com.soyasis.cai.tests;
				PRODUCT_NAME = "$(TARGET_NAME)";
				SWIFT_EMIT_LOC_STRINGS = NO;
				SWIFT_VERSION = 5.0;
				TEST_HOST = "$(BUILT_PRODUCTS_DIR)/Cai.app/$(BUNDLE_EXECUTABLE_FOLDER_PATH)/Cai";
			};
			name = Debug;
		};
		CAI00060 /* Release */ = {
			isa = XCBuildConfiguration;
			buildSettings = {
				BUNDLE_LOADER = "$(TEST_HOST)";
				CODE_SIGN_STYLE = Automatic;
				CURRENT_PROJECT_VERSION = 1;
				DEAD_CODE_STRIPPING = YES;
				DEVELOPMENT_TEAM = T666G8244T;
				GENERATE_INFOPLIST_FILE = YES;
				MARKETING_VERSION = 1.0;
				PRODUCT_BUNDLE_IDENTIFIER = com.soyasis.cai.tests;
				PRODUCT_NAME = "$(TARGET_NAME)";
				SWIFT_EMIT_LOC_STRINGS = NO;
				SWIFT_VERSION = 5.0;
				TEST_HOST = "$(BUILT_PRODUCTS_DIR)/Cai.app/$(BUNDLE_EXECUTABLE_FOLDER_PATH)/Cai";
			};
			name = Release;
		};
/* End XCBuildConfiguration section */

/* Begin XCConfigurationList section */
		CAI00017 /* Build configuration list for PBXNativeTarget "Cai" */ = {
			isa = XCConfigurationList;
			buildConfigurations = (
				CAI00024 /* Debug */,
				CAI00025 /* Release */,
			);
			defaultConfigurationIsVisible = 0;
			defaultConfigurationName = Release;
		};
		CAI00021 /* Build configuration list for PBXProject "Cai" */ = {
			isa = XCConfigurationList;
			buildConfigurations = (
				CAI00022 /* Debug */,
				CAI00023 /* Release */,
			);
			defaultConfigurationIsVisible = 0;
			defaultConfigurationName = Release;
		};
		CAI00055 /* Build configuration list for PBXNativeTarget "CaiTests" */ = {
			isa = XCConfigurationList;
			buildConfigurations = (
				CAI00059 /* Debug */,
				CAI00060 /* Release */,
			);
			defaultConfigurationIsVisible = 0;
			defaultConfigurationName = Release;
		};
/* End XCConfigurationList section */

/* Begin XCRemoteSwiftPackageReference section */
		CAI00028 /* XCRemoteSwiftPackageReference "HotKey" */ = {
			isa = XCRemoteSwiftPackageReference;
			repositoryURL = "https://github.com/soffes/HotKey";
			requirement = {
				kind = upToNextMajorVersion;
				minimumVersion = 0.2.0;
			};
		};
/* End XCRemoteSwiftPackageReference section */

/* Begin XCSwiftPackageProductDependency section */
		CAI00027 /* HotKey */ = {
			isa = XCSwiftPackageProductDependency;
			package = CAI00028 /* XCRemoteSwiftPackageReference "HotKey" */;
			productName = HotKey;
		};
/* End XCSwiftPackageProductDependency section */
	};
	rootObject = CAI00020 /* Project object */;
}
